
Microsoft Visual Studio Solution File, Format Version 12.00
# Visual Studio 15
VisualStudioVersion = 15.0.28307.136
MinimumVisualStudioVersion = 10.0.40219.1
Project("{FAE04EC0-301F-11D3-BF4B-00C04F79EFBC}") = "TrashCollector2", "TrashCollector2\TrashCollector2.csproj", "{49947496-CFAC-40CF-980A-B0E59A2715ED}"
EndProject
Global
	GlobalSection(SolutionConfigurationPlatforms) = preSolution
		Debug|Any CPU = Debug|Any CPU
		Release|Any CPU = Release|Any CPU
	EndGlobalSection
	GlobalSection(ProjectConfigurationPlatforms) = postSolution
		{49947496-CFAC-40CF-980A-B0E59A2715ED}.Debug|Any CPU.ActiveCfg = Debug|Any CPU
		{49947496-CFAC-40CF-980A-B0E59A2715ED}.Debug|Any CPU.Build.0 = Debug|Any CPU
		{49947496-CFAC-40CF-980A-B0E59A2715ED}.Release|Any CPU.ActiveCfg = Release|Any CPU
		{49947496-CFAC-40CF-980A-B0E59A2715ED}.Release|Any CPU.Build.0 = Release|Any CPU
	EndGlobalSection
	GlobalSection(SolutionProperties) = preSolution
		HideSolutionNode = FALSE
	EndGlobalSection
	GlobalSection(ExtensibilityGlobals) = postSolution
		SolutionGuid = {5AF731A0-5F52-4AFB-BCC8-4106A98F0CE1}
	EndGlobalSection
EndGlobal
